
Microsoft Visual Studio Solution File, Format Version 12.00
# Visual Studio 2015
Project("{FAE04EC0-301F-11D3-BF4B-00C04F79EFBC}") = "Smart Home.CSharp.Plugins", "Smart Home.CSharp.Plugins.csproj", "{7783FD50-E241-553D-4479-E58E499705BB}"
EndProject
Project("{FAE04EC0-301F-11D3-BF4B-00C04F79EFBC}") = "Smart Home.CSharp", "Smart Home.CSharp.csproj", "{DE4F689C-BEE7-780E-620E-2389F34493FA}"
EndProject
Project("{FAE04EC0-301F-11D3-BF4B-00C04F79EFBC}") = "Smart Home.CSharp.Editor", "Smart Home.CSharp.Editor.csproj", "{480508CC-1451-A2A9-10DC-CCC0E659ACE2}"
EndProject
Global
	GlobalSection(SolutionConfigurationPlatforms) = preSolution
		Debug|Any CPU = Debug|Any CPU
		Release|Any CPU = Release|Any CPU
	EndGlobalSection
	GlobalSection(ProjectConfigurationPlatforms) = postSolution
		{7783FD50-E241-553D-4479-E58E499705BB}.Debug|Any CPU.ActiveCfg = Debug|Any CPU
		{7783FD50-E241-553D-4479-E58E499705BB}.Debug|Any CPU.Build.0 = Debug|Any CPU
		{7783FD50-E241-553D-4479-E58E499705BB}.Release|Any CPU.ActiveCfg = Release|Any CPU
		{7783FD50-E241-553D-4479-E58E499705BB}.Release|Any CPU.Build.0 = Release|Any CPU
		{DE4F689C-BEE7-780E-620E-2389F34493FA}.Debug|Any CPU.ActiveCfg = Debug|Any CPU
		{DE4F689C-BEE7-780E-620E-2389F34493FA}.Debug|Any CPU.Build.0 = Debug|Any CPU
		{DE4F689C-BEE7-780E-620E-2389F34493FA}.Release|Any CPU.ActiveCfg = Release|Any CPU
		{DE4F689C-BEE7-780E-620E-2389F34493FA}.Release|Any CPU.Build.0 = Release|Any CPU
		{480508CC-1451-A2A9-10DC-CCC0E659ACE2}.Debug|Any CPU.ActiveCfg = Debug|Any CPU
		{480508CC-1451-A2A9-10DC-CCC0E659ACE2}.Debug|Any CPU.Build.0 = Debug|Any CPU
		{480508CC-1451-A2A9-10DC-CCC0E659ACE2}.Release|Any CPU.ActiveCfg = Release|Any CPU
		{480508CC-1451-A2A9-10DC-CCC0E659ACE2}.Release|Any CPU.Build.0 = Release|Any CPU
	EndGlobalSection
	GlobalSection(SolutionProperties) = preSolution
		HideSolutionNode = FALSE
	EndGlobalSection
EndGlobal
